// !$*UTF8*$!
{
	archiveVersion = 1;
	classes = {
	};
	objectVersion = 46;
	objects = {

/* Begin PBXBuildFile section */
		154AAC921E74EDC0009E8521 /* MapLoader.cpp in Sources */ = {isa = PBXBuildFile; fileRef = 154AAC911E74EDC0009E8521 /* MapLoader.cpp */; };
		156EDC7D1E748D3C00CFE30D /* main.cpp in Sources */ = {isa = PBXBuildFile; fileRef = 156EDC7C1E748D3C00CFE30D /* main.cpp */; };
		156EDC851E74949700CFE30D /* MyMap.cpp in Sources */ = {isa = PBXBuildFile; fileRef = 156EDC841E74949700CFE30D /* MyMap.cpp */; };
/* End PBXBuildFile section */

/* Begin PBXCopyFilesBuildPhase section */
		156EDC771E748D3B00CFE30D /* CopyFiles */ = {
			isa = PBXCopyFilesBuildPhase;
			buildActionMask = 2147483647;
			dstPath = /usr/share/man/man1/;
			dstSubfolderSpec = 0;
			files = (
			);
			runOnlyForDeploymentPostprocessing = 1;
		};
/* End PBXCopyFilesBuildPhase section */

/* Begin PBXFileReference section */
		154AAC901E74ED61009E8521 /* MapLoader.h */ = {isa = PBXFileReference; lastKnownFileType = sourcecode.c.h; path = MapLoader.h; sourceTree = "<group>"; };
		154AAC911E74EDC0009E8521 /* MapLoader.cpp */ = {isa = PBXFileReference; fileEncoding = 4; lastKnownFileType = sourcecode.cpp.cpp; path = MapLoader.cpp; sourceTree = "<group>"; };
		156EDC791E748D3C00CFE30D /* BruinNav */ = {isa = PBXFileReference; explicitFileType = "compiled.mach-o.executable"; includeInIndex = 0; path = BruinNav; sourceTree = BUILT_PRODUCTS_DIR; };
		156EDC7C1E748D3C00CFE30D /* main.cpp */ = {isa = PBXFileReference; lastKnownFileType = sourcecode.cpp.cpp; path = main.cpp; sourceTree = "<group>"; };
		156EDC831E748D8900CFE30D /* MyMap.h */ = {isa = PBXFileReference; lastKnownFileType = sourcecode.c.h; path = MyMap.h; sourceTree = "<group>"; };
		156EDC841E74949700CFE30D /* MyMap.cpp */ = {isa = PBXFileReference; fileEncoding = 4; lastKnownFileType = sourcecode.cpp.cpp; path = MyMap.cpp; sourceTree = "<group>"; };
/* End PBXFileReference section */

/* Begin PBXFrameworksBuildPhase section */
		156EDC761E748D3B00CFE30D /* Frameworks */ = {
			isa = PBXFrameworksBuildPhase;
			buildActionMask = 2147483647;
			files = (
			);
			runOnlyForDeploymentPostprocessing = 0;
		};
/* End PBXFrameworksBuildPhase section */

/* Begin PBXGroup section */
		156EDC701E748D3B00CFE30D = {
			isa = PBXGroup;
			children = (
				156EDC7B1E748D3C00CFE30D /* BruinNav */,
				156EDC7A1E748D3C00CFE30D /* Products */,
			);
			sourceTree = "<group>";
		};
		156EDC7A1E748D3C00CFE30D /* Products */ = {
			isa = PBXGroup;
			children = (
				156EDC791E748D3C00CFE30D /* BruinNav */,
			);
			name = Products;
			sourceTree = "<group>";
		};
		156EDC7B1E748D3C00CFE30D /* BruinNav */ = {
			isa = PBXGroup;
			children = (
				156EDC831E748D8900CFE30D /* MyMap.h */,
				156EDC841E74949700CFE30D /* MyMap.cpp */,
				154AAC901E74ED61009E8521 /* MapLoader.h */,
				154AAC911E74EDC0009E8521 /* MapLoader.cpp */,
				156EDC7C1E748D3C00CFE30D /* main.cpp */,
			);
			path = BruinNav;
			sourceTree = "<group>";
		};
/* End PBXGroup section */

/* Begin PBXNativeTarget section */
		156EDC781E748D3B00CFE30D /* BruinNav */ = {
			isa = PBXNativeTarget;
			buildConfigurationList = 156EDC801E748D3C00CFE30D /* Build configuration list for PBXNativeTarget "BruinNav" */;
			buildPhases = (
				156EDC751E748D3B00CFE30D /* Sources */,
				156EDC761E748D3B00CFE30D /* Frameworks */,
				156EDC771E748D3B00CFE30D /* CopyFiles */,
			);
			buildRules = (
			);
			dependencies = (
			);
			name = BruinNav;
			productName = BruinNav;
			productReference = 156EDC791E748D3C00CFE30D /* BruinNav */;
			productType = "com.apple.product-type.tool";
		};
/* End PBXNativeTarget section */

/* Begin PBXProject section */
		156EDC711E748D3B00CFE30D /* Project object */ = {
			isa = PBXProject;
			attributes = {
				LastUpgradeCheck = 0820;
				ORGANIZATIONNAME = "Clark Minor";
				TargetAttributes = {
					156EDC781E748D3B00CFE30D = {
						CreatedOnToolsVersion = 8.2.1;
						ProvisioningStyle = Automatic;
					};
				};
			};
			buildConfigurationList = 156EDC741E748D3B00CFE30D /* Build configuration list for PBXProject "BruinNav" */;
			compatibilityVersion = "Xcode 3.2";
			developmentRegion = English;
			hasScannedForEncodings = 0;
			knownRegions = (
				en,
			);
			mainGroup = 156EDC701E748D3B00CFE30D;
			productRefGroup = 156EDC7A1E748D3C00CFE30D /* Products */;
			projectDirPath = "";
			projectRoot = "";
			targets = (
				156EDC781E748D3B00CFE30D /* BruinNav */,
			);
		};
/* End PBXProject section */

/* Begin PBXSourcesBuildPhase section */
		156EDC751E748D3B00CFE30D /* Sources */ = {
			isa = PBXSourcesBuildPhase;
			buildActionMask = 2147483647;
			files = (
				156EDC851E74949700CFE30D /* MyMap.cpp in Sources */,
				154AAC921E74EDC0009E8521 /* MapLoader.cpp in Sources */,
				156EDC7D1E748D3C00CFE30D /* main.cpp in Sources */,
			);
			runOnlyForDeploymentPostprocessing = 0;
		};
/* End PBXSourcesBuildPhase section */

/* Begin XCBuildConfiguration section */
		156EDC7E1E748D3C00CFE30D /* Debug */ = {
			isa = XCBuildConfiguration;
			buildSettings = {
				ALWAYS_SEARCH_USER_PATHS = NO;
				CLANG_ANALYZER_NONNULL = YES;
				CLANG_CXX_LANGUAGE_STANDARD = "gnu++0x";
				CLANG_CXX_LIBRARY = "libc++";
				CLANG_ENABLE_MODULES = YES;
				CLANG_ENABLE_OBJC_ARC = YES;
				CLANG_WARN_BOOL_CONVERSION = YES;
				CLANG_WARN_CONSTANT_CONVERSION = YES;
				CLANG_WARN_DIRECT_OBJC_ISA_USAGE = YES_ERROR;
				CLANG_WARN_DOCUMENTATION_COMMENTS = YES;
				CLANG_WARN_EMPTY_BODY = YES;
				CLANG_WARN_ENUM_CONVERSION = YES;
				CLANG_WARN_INFINITE_RECURSION = YES;
				CLANG_WARN_INT_CONVERSION = YES;
				CLANG_WARN_OBJC_ROOT_CLASS = YES_ERROR;
				CLANG_WARN_SUSPICIOUS_MOVE = YES;
				CLANG_WARN_UNREACHABLE_CODE = YES;
				CLANG_WARN__DUPLICATE_METHOD_MATCH = YES;
				CODE_SIGN_IDENTITY = "-";
				COPY_PHASE_STRIP = NO;
				DEBUG_INFORMATION_FORMAT = dwarf;
				ENABLE_STRICT_OBJC_MSGSEND = YES;
				ENABLE_TESTABILITY = YES;
				GCC_C_LANGUAGE_STANDARD = gnu99;
				GCC_DYNAMIC_NO_PIC = NO;
				GCC_NO_COMMON_BLOCKS = YES;
				GCC_OPTIMIZATION_LEVEL = 0;
				GCC_PREPROCESSOR_DEFINITIONS = (
					"DEBUG=1",
					"$(inherited)",
				);
				GCC_WARN_64_TO_32_BIT_CONVERSION = YES;
				GCC_WARN_ABOUT_RETURN_TYPE = YES_ERROR;
				GCC_WARN_UNDECLARED_SELECTOR = YES;
				GCC_WARN_UNINITIALIZED_AUTOS = YES_AGGRESSIVE;
				GCC_WARN_UNUSED_FUNCTION = YES;
				GCC_WARN_UNUSED_VARIABLE = YES;
				MACOSX_DEPLOYMENT_TARGET = 10.12;
				MTL_ENABLE_DEBUG_INFO = YES;
				ONLY_ACTIVE_ARCH = YES;
				SDKROOT = macosx;
			};
			name = Debug;
		};
		156EDC7F1E748D3C00CFE30D /* Release */ = {
			isa = XCBuildConfiguration;
			buildSettings = {
				ALWAYS_SEARCH_USER_PATHS = NO;
				CLANG_ANALYZER_NONNULL = YES;
				CLANG_CXX_LANGUAGE_STANDARD = "gnu++0x";
				CLANG_CXX_LIBRARY = "libc++";
				CLANG_ENABLE_MODULES = YES;
				CLANG_ENABLE_OBJC_ARC = YES;
				CLANG_WARN_BOOL_CONVERSION = YES;
				CLANG_WARN_CONSTANT_CONVERSION = YES;
				CLANG_WARN_DIRECT_OBJC_ISA_USAGE = YES_ERROR;
				CLANG_WARN_DOCUMENTATION_COMMENTS = YES;
				CLANG_WARN_EMPTY_BODY = YES;
				CLANG_WARN_ENUM_CONVERSION = YES;
				CLANG_WARN_INFINITE_RECURSION = YES;
				CLANG_WARN_INT_CONVERSION = YES;
				CLANG_WARN_OBJC_ROOT_CLASS = YES_ERROR;
				CLANG_WARN_SUSPICIOUS_MOVE = YES;
				CLANG_WARN_UNREACHABLE_CODE = YES;
				CLANG_WARN__DUPLICATE_METHOD_MATCH = YES;
				CODE_SIGN_IDENTITY = "-";
				COPY_PHASE_STRIP = NO;
				DEBUG_INFORMATION_FORMAT = "dwarf-with-dsym";
				ENABLE_NS_ASSERTIONS = NO;
				ENABLE_STRICT_OBJC_MSGSEND = YES;
				GCC_C_LANGUAGE_STANDARD = gnu99;
				GCC_NO_COMMON_BLOCKS = YES;
				GCC_WARN_64_TO_32_BIT_CONVERSION = YES;
				GCC_WARN_ABOUT_RETURN_TYPE = YES_ERROR;
				GCC_WARN_UNDECLARED_SELECTOR = YES;
				GCC_WARN_UNINITIALIZED_AUTOS = YES_AGGRESSIVE;
				GCC_WARN_UNUSED_FUNCTION = YES;
				GCC_WARN_UNUSED_VARIABLE = YES;
				MACOSX_DEPLOYMENT_TARGET = 10.12;
				MTL_ENABLE_DEBUG_INFO = NO;
				SDKROOT = macosx;
			};
			name = Release;
		};
		156EDC811E748D3C00CFE30D /* Debug */ = {
			isa = XCBuildConfiguration;
			buildSettings = {
				PRODUCT_NAME = "$(TARGET_NAME)";
			};
			name = Debug;
		};
		156EDC821E748D3C00CFE30D /* Release */ = {
			isa = XCBuildConfiguration;
			buildSettings = {
				PRODUCT_NAME = "$(TARGET_NAME)";
			};
			name = Release;
		};
/* End XCBuildConfiguration section */

/* Begin XCConfigurationList section */
		156EDC741E748D3B00CFE30D /* Build configuration list for PBXProject "BruinNav" */ = {
			isa = XCConfigurationList;
			buildConfigurations = (
				156EDC7E1E748D3C00CFE30D /* Debug */,
				156EDC7F1E748D3C00CFE30D /* Release */,
			);
			defaultConfigurationIsVisible = 0;
			defaultConfigurationName = Release;
		};
		156EDC801E748D3C00CFE30D /* Build configuration list for PBXNativeTarget "BruinNav" */ = {
			isa = XCConfigurationList;
			buildConfigurations = (
				156EDC811E748D3C00CFE30D /* Debug */,
				156EDC821E748D3C00CFE30D /* Release */,
			);
			defaultConfigurationIsVisible = 0;
			defaultConfigurationName = Release;
		};
/* End XCConfigurationList section */
	};
	rootObject = 156EDC711E748D3B00CFE30D /* Project object */;
}
